{
    "version": 3,
    "terraform_version": "0.11.4",
    "serial": 2,
    "lineage": "2b2faefa-b2ae-cf89-a82b-9e81ec2a548c",
    "modules": [
        {
            "path": [
                "root"
            ],
            "outputs": {
                "IPAddr": {
                    "sensitive": false,
                    "type": "list",
                    "value": [
                        "10.37.224.252"
                    ]
                },
                "IPAddr1": {
                    "sensitive": false,
                    "type": "string",
                    "value": "10.37.224.252"
                },
                "IPAddr2": {
                    "sensitive": false,
                    "type": "string",
                    "value": "10.37.224.252"
                }
            },
            "resources": {
                "virtualbox_vm.node": {
                    "type": "virtualbox_vm",
                    "depends_on": [],
                    "primary": {
                        "id": "9336bce1-0012-4a38-9720-e760838b7ec9",
                        "attributes": {
                            "cpus": "4",
                            "id": "9336bce1-0012-4a38-9720-e760838b7ec9",
                            "image": "./terraform.d/images//centos-7.0-x86_64.box",
                            "memory": "512 mib",
                            "name": "Jenkins Master-01",
                            "network_adapter.#": "1",
                            "network_adapter.0.device": "IntelPro1000MTServer",
                            "network_adapter.0.host_interface": "p4p1",
                            "network_adapter.0.ipv4_address": "10.37.224.252",
                            "network_adapter.0.ipv4_address_available": "yes",
                            "network_adapter.0.mac_address": "080027645BED",
                            "network_adapter.0.status": "up",
                            "network_adapter.0.type": "bridged",
                            "status": "running",
                            "url": "https://github.com/tommy-muehle/puppet-vagrant-boxes/releases/download/1.1.0/centos-7.0-x86_64.box"
                        },
                        "meta": {},
                        "tainted": false
                    },
                    "deposed": [],
                    "provider": "provider.virtualbox"
                }
            },
            "depends_on": []
        }
    ]
}
