{
    "version": 3,
    "terraform_version": "0.11.4",
    "serial": 2,
    "lineage": "350687db-6814-612f-ae03-7e85d223cbc5",
    "modules": [
        {
            "path": [
                "root"
            ],
            "outputs": {},
            "resources": {
                "virtualbox_vm.node": {
                    "type": "virtualbox_vm",
                    "depends_on": [],
                    "primary": {
                        "id": "65bad846-efc1-4b8c-a181-fab1a1d81ffc",
                        "attributes": {
                            "cpus": "4",
                            "id": "65bad846-efc1-4b8c-a181-fab1a1d81ffc",
                            "image": "./terraform.d/images//archlinux-x64-2014-01-07.box",
                            "memory": "1.0 gib",
                            "name": "Arch Linux Server",
                            "network_adapter.#": "1",
                            "network_adapter.0.device": "IntelPro1000MTServer",
                            "network_adapter.0.host_interface": "p4p1",
                            "network_adapter.0.ipv4_address": "",
                            "network_adapter.0.ipv4_address_available": "",
                            "network_adapter.0.mac_address": "",
                            "network_adapter.0.status": "",
                            "network_adapter.0.type": "bridged",
                            "status": "running",
                            "url": "http://vagrant.srijn.net/archlinux-x64-2014-01-07.box"
                        },
                        "meta": {},
                        "tainted": false
                    },
                    "deposed": [],
                    "provider": "provider.virtualbox"
                }
            },
            "depends_on": []
        }
    ]
}
