{
    "version": 3,
    "terraform_version": "0.11.4",
    "serial": 29,
    "lineage": "24c024b3-66e1-6fd1-1a7b-c952507bf278",
    "modules": [
        {
            "path": [
                "root"
            ],
            "outputs": {
                "IPAddr": {
                    "sensitive": false,
                    "type": "list",
                    "value": [
                        "10.37.224.182",
                        "10.37.224.32",
                        "10.37.224.39",
                        "10.37.224.220"
                    ]
                },
                "IPAddr_1": {
                    "sensitive": false,
                    "type": "string",
                    "value": "10.37.224.32"
                },
                "IPAddr_2": {
                    "sensitive": false,
                    "type": "string",
                    "value": "10.37.224.39"
                }
            },
            "resources": {
                "virtualbox_vm.node.0": {
                    "type": "virtualbox_vm",
                    "depends_on": [],
                    "primary": {
                        "id": "b897f81c-709f-43af-ba44-49ae3388c64e",
                        "attributes": {
                            "cpus": "2",
                            "id": "b897f81c-709f-43af-ba44-49ae3388c64e",
                            "image": "./terraform.d/images//centos-7.0-x86_64.box",
                            "memory": "512 mib",
                            "name": "jenkins-node-01",
                            "network_adapter.#": "1",
                            "network_adapter.0.device": "IntelPro1000MTServer",
                            "network_adapter.0.host_interface": "p4p1",
                            "network_adapter.0.ipv4_address": "10.37.224.182",
                            "network_adapter.0.ipv4_address_available": "yes",
                            "network_adapter.0.mac_address": "080027D07F6D",
                            "network_adapter.0.status": "up",
                            "network_adapter.0.type": "bridged",
                            "status": "running",
                            "url": "https://github.com/tommy-muehle/puppet-vagrant-boxes/releases/download/1.1.0/centos-7.0-x86_64.box"
                        },
                        "meta": {},
                        "tainted": false
                    },
                    "deposed": [],
                    "provider": "provider.virtualbox"
                },
                "virtualbox_vm.node.1": {
                    "type": "virtualbox_vm",
                    "depends_on": [],
                    "primary": {
                        "id": "ece5fa4a-f3ba-4420-80ac-6711a1f1b7a3",
                        "attributes": {
                            "cpus": "2",
                            "id": "ece5fa4a-f3ba-4420-80ac-6711a1f1b7a3",
                            "image": "./terraform.d/images//centos-7.0-x86_64.box",
                            "memory": "512 mib",
                            "name": "jenkins-node-02",
                            "network_adapter.#": "1",
                            "network_adapter.0.device": "IntelPro1000MTServer",
                            "network_adapter.0.host_interface": "p4p1",
                            "network_adapter.0.ipv4_address": "10.37.224.32",
                            "network_adapter.0.ipv4_address_available": "yes",
                            "network_adapter.0.mac_address": "0800279D2126",
                            "network_adapter.0.status": "up",
                            "network_adapter.0.type": "bridged",
                            "status": "running",
                            "url": "https://github.com/tommy-muehle/puppet-vagrant-boxes/releases/download/1.1.0/centos-7.0-x86_64.box"
                        },
                        "meta": {},
                        "tainted": false
                    },
                    "deposed": [],
                    "provider": "provider.virtualbox"
                },
                "virtualbox_vm.node.2": {
                    "type": "virtualbox_vm",
                    "depends_on": [],
                    "primary": {
                        "id": "cbf5044a-ab42-4383-b7b2-edbf4e54d769",
                        "attributes": {
                            "cpus": "2",
                            "id": "cbf5044a-ab42-4383-b7b2-edbf4e54d769",
                            "image": "./terraform.d/images//centos-7.0-x86_64.box",
                            "memory": "512 mib",
                            "name": "jenkins-node-03",
                            "network_adapter.#": "1",
                            "network_adapter.0.device": "IntelPro1000MTServer",
                            "network_adapter.0.host_interface": "p4p1",
                            "network_adapter.0.ipv4_address": "10.37.224.39",
                            "network_adapter.0.ipv4_address_available": "yes",
                            "network_adapter.0.mac_address": "0800273AF55B",
                            "network_adapter.0.status": "up",
                            "network_adapter.0.type": "bridged",
                            "status": "running",
                            "url": "https://github.com/tommy-muehle/puppet-vagrant-boxes/releases/download/1.1.0/centos-7.0-x86_64.box"
                        },
                        "meta": {},
                        "tainted": false
                    },
                    "deposed": [],
                    "provider": "provider.virtualbox"
                },
                "virtualbox_vm.node.3": {
                    "type": "virtualbox_vm",
                    "depends_on": [],
                    "primary": {
                        "id": "6b940db2-c19c-4b19-a221-e20e8b6ab249",
                        "attributes": {
                            "cpus": "2",
                            "id": "6b940db2-c19c-4b19-a221-e20e8b6ab249",
                            "image": "./terraform.d/images//centos-7.0-x86_64.box",
                            "memory": "512 mib",
                            "name": "jenkins-node-04",
                            "network_adapter.#": "1",
                            "network_adapter.0.device": "IntelPro1000MTServer",
                            "network_adapter.0.host_interface": "p4p1",
                            "network_adapter.0.ipv4_address": "10.37.224.220",
                            "network_adapter.0.ipv4_address_available": "yes",
                            "network_adapter.0.mac_address": "080027B2C1C0",
                            "network_adapter.0.status": "up",
                            "network_adapter.0.type": "bridged",
                            "status": "running",
                            "url": "https://github.com/tommy-muehle/puppet-vagrant-boxes/releases/download/1.1.0/centos-7.0-x86_64.box"
                        },
                        "meta": {},
                        "tainted": false
                    },
                    "deposed": [],
                    "provider": "provider.virtualbox"
                }
            },
            "depends_on": []
        }
    ]
}
