{
    "version": 3,
    "terraform_version": "0.11.4",
    "serial": 48,
    "lineage": "90bb2ea6-7bb4-0e6b-a87d-cbca4bcf5ad6",
    "modules": [
        {
            "path": [
                "root"
            ],
            "outputs": {
                "IPAddr": {
                    "sensitive": false,
                    "type": "list",
                    "value": [
                        "10.37.224.56"
                    ]
                }
            },
            "resources": {
                "virtualbox_vm.node": {
                    "type": "virtualbox_vm",
                    "depends_on": [],
                    "primary": {
                        "id": "9af999aa-6521-4626-84ab-7afebe141cf9",
                        "attributes": {
                            "cpus": "4",
                            "id": "9af999aa-6521-4626-84ab-7afebe141cf9",
                            "image": "./terraform.d/images//ubuntu-16.04.box",
                            "memory": "2.0 gib",
                            "name": "KubernetesMaster-01",
                            "network_adapter.#": "1",
                            "network_adapter.0.device": "IntelPro1000MTServer",
                            "network_adapter.0.host_interface": "p4p1",
                            "network_adapter.0.ipv4_address": "10.37.224.56",
                            "network_adapter.0.ipv4_address_available": "yes",
                            "network_adapter.0.mac_address": "080027ACAF8D",
                            "network_adapter.0.status": "up",
                            "network_adapter.0.type": "bridged",
                            "status": "running",
                            "url": "https://github.com/jose-lpa/packer-ubuntu_lts/releases/download/v3.1/ubuntu-16.04.box"
                        },
                        "meta": {},
                        "tainted": false
                    },
                    "deposed": [],
                    "provider": "provider.virtualbox"
                }
            },
            "depends_on": []
        }
    ]
}
