{
    "version": 3,
    "terraform_version": "0.11.4",
    "serial": 19,
    "lineage": "90bb2ea6-7bb4-0e6b-a87d-cbca4bcf5ad6",
    "modules": [
        {
            "path": [
                "root"
            ],
            "outputs": {
                "IPAddr": {
                    "sensitive": false,
                    "type": "list",
                    "value": [
                        "10.37.224.33"
                    ]
                }
            },
            "resources": {
                "virtualbox_vm.node": {
                    "type": "virtualbox_vm",
                    "depends_on": [],
                    "primary": {
                        "id": "2639c153-0bc8-48a8-8cbc-dcc22ec78b39",
                        "attributes": {
                            "cpus": "4",
                            "id": "2639c153-0bc8-48a8-8cbc-dcc22ec78b39",
                            "image": "./terraform.d/images//centos-7.0-x86_64.box",
                            "memory": "1.0 gib",
                            "name": "KubernetesMaster-01",
                            "network_adapter.#": "1",
                            "network_adapter.0.device": "IntelPro1000MTServer",
                            "network_adapter.0.host_interface": "p4p1",
                            "network_adapter.0.ipv4_address": "10.37.224.33",
                            "network_adapter.0.ipv4_address_available": "yes",
                            "network_adapter.0.mac_address": "0800272B936E",
                            "network_adapter.0.status": "up",
                            "network_adapter.0.type": "bridged",
                            "status": "running",
                            "url": "https://github.com/tommy-muehle/puppet-vagrant-boxes/releases/download/1.1.0/centos-7.0-x86_64.box"
                        },
                        "meta": {},
                        "tainted": false
                    },
                    "deposed": [],
                    "provider": "provider.virtualbox"
                }
            },
            "depends_on": []
        }
    ]
}
