{
    "version": 3,
    "terraform_version": "0.11.4",
    "serial": 11,
    "lineage": "0a7f4889-fd1a-5919-0c37-477df5da0cbd",
    "modules": [
        {
            "path": [
                "root"
            ],
            "outputs": {
                "IPAddr": {
                    "sensitive": false,
                    "type": "list",
                    "value": [
                        "10.37.224.169",
                        "10.37.224.136",
                        "10.37.224.223",
                        "10.37.224.216"
                    ]
                },
                "IPAddr1": {
                    "sensitive": false,
                    "type": "string",
                    "value": "10.37.224.136"
                },
                "IPAddr2": {
                    "sensitive": false,
                    "type": "string",
                    "value": "10.37.224.223"
                }
            },
            "resources": {
                "virtualbox_vm.node.0": {
                    "type": "virtualbox_vm",
                    "depends_on": [],
                    "primary": {
                        "id": "c153952f-dc61-4d28-b615-28115f6637e5",
                        "attributes": {
                            "cpus": "4",
                            "id": "c153952f-dc61-4d28-b615-28115f6637e5",
                            "image": "./terraform.d/images//CentOS-7.1.1503-x86_64-netboot.box",
                            "memory": "1.0 gib",
                            "name": "Just a Sandbox-01",
                            "network_adapter.#": "1",
                            "network_adapter.0.device": "IntelPro1000MTServer",
                            "network_adapter.0.host_interface": "p4p1",
                            "network_adapter.0.ipv4_address": "10.37.224.169",
                            "network_adapter.0.ipv4_address_available": "yes",
                            "network_adapter.0.mac_address": "0800272D5503",
                            "network_adapter.0.status": "up",
                            "network_adapter.0.type": "bridged",
                            "status": "running",
                            "url": "https://github.com/holms/vagrant-centos7-box/releases/download/7.1.1503.001/CentOS-7.1.1503-x86_64-netboot.box"
                        },
                        "meta": {},
                        "tainted": false
                    },
                    "deposed": [],
                    "provider": "provider.virtualbox"
                },
                "virtualbox_vm.node.1": {
                    "type": "virtualbox_vm",
                    "depends_on": [],
                    "primary": {
                        "id": "03d1f1d8-a2df-4365-a037-ea6bcb26d02d",
                        "attributes": {
                            "cpus": "4",
                            "id": "03d1f1d8-a2df-4365-a037-ea6bcb26d02d",
                            "image": "./terraform.d/images//CentOS-7.1.1503-x86_64-netboot.box",
                            "memory": "1.0 gib",
                            "name": "Just a Sandbox-02",
                            "network_adapter.#": "1",
                            "network_adapter.0.device": "IntelPro1000MTServer",
                            "network_adapter.0.host_interface": "p4p1",
                            "network_adapter.0.ipv4_address": "10.37.224.136",
                            "network_adapter.0.ipv4_address_available": "yes",
                            "network_adapter.0.mac_address": "080027B38BCC",
                            "network_adapter.0.status": "up",
                            "network_adapter.0.type": "bridged",
                            "status": "running",
                            "url": "https://github.com/holms/vagrant-centos7-box/releases/download/7.1.1503.001/CentOS-7.1.1503-x86_64-netboot.box"
                        },
                        "meta": {},
                        "tainted": false
                    },
                    "deposed": [],
                    "provider": "provider.virtualbox"
                },
                "virtualbox_vm.node.2": {
                    "type": "virtualbox_vm",
                    "depends_on": [],
                    "primary": {
                        "id": "635a44d3-1060-40f3-a476-35185c5ae616",
                        "attributes": {
                            "cpus": "4",
                            "id": "635a44d3-1060-40f3-a476-35185c5ae616",
                            "image": "./terraform.d/images//CentOS-7.1.1503-x86_64-netboot.box",
                            "memory": "1.0 gib",
                            "name": "Just a Sandbox-03",
                            "network_adapter.#": "1",
                            "network_adapter.0.device": "IntelPro1000MTServer",
                            "network_adapter.0.host_interface": "p4p1",
                            "network_adapter.0.ipv4_address": "10.37.224.223",
                            "network_adapter.0.ipv4_address_available": "yes",
                            "network_adapter.0.mac_address": "0800270BF6C1",
                            "network_adapter.0.status": "up",
                            "network_adapter.0.type": "bridged",
                            "status": "running",
                            "url": "https://github.com/holms/vagrant-centos7-box/releases/download/7.1.1503.001/CentOS-7.1.1503-x86_64-netboot.box"
                        },
                        "meta": {},
                        "tainted": false
                    },
                    "deposed": [],
                    "provider": "provider.virtualbox"
                },
                "virtualbox_vm.node.3": {
                    "type": "virtualbox_vm",
                    "depends_on": [],
                    "primary": {
                        "id": "2b64e236-5094-4bc1-a524-4f4063bd3dd1",
                        "attributes": {
                            "cpus": "4",
                            "id": "2b64e236-5094-4bc1-a524-4f4063bd3dd1",
                            "image": "./terraform.d/images//CentOS-7.1.1503-x86_64-netboot.box",
                            "memory": "1.0 gib",
                            "name": "Just a Sandbox-04",
                            "network_adapter.#": "1",
                            "network_adapter.0.device": "IntelPro1000MTServer",
                            "network_adapter.0.host_interface": "p4p1",
                            "network_adapter.0.ipv4_address": "10.37.224.216",
                            "network_adapter.0.ipv4_address_available": "yes",
                            "network_adapter.0.mac_address": "080027CCAC68",
                            "network_adapter.0.status": "up",
                            "network_adapter.0.type": "bridged",
                            "status": "running",
                            "url": "https://github.com/holms/vagrant-centos7-box/releases/download/7.1.1503.001/CentOS-7.1.1503-x86_64-netboot.box"
                        },
                        "meta": {},
                        "tainted": false
                    },
                    "deposed": [],
                    "provider": "provider.virtualbox"
                }
            },
            "depends_on": []
        }
    ]
}
