{
    "version": 3,
    "terraform_version": "0.11.4",
    "serial": 14,
    "lineage": "0a7f4889-fd1a-5919-0c37-477df5da0cbd",
    "modules": [
        {
            "path": [
                "root"
            ],
            "outputs": {
                "IPAddr": {
                    "sensitive": false,
                    "type": "list",
                    "value": [
                        "10.37.224.152",
                        "10.37.224.218"
                    ]
                },
                "IPAddr1": {
                    "sensitive": false,
                    "type": "string",
                    "value": "10.37.224.218"
                },
                "IPAddr2": {
                    "sensitive": false,
                    "type": "string",
                    "value": "10.37.224.152"
                }
            },
            "resources": {
                "virtualbox_vm.node.0": {
                    "type": "virtualbox_vm",
                    "depends_on": [],
                    "primary": {
                        "id": "3e506acc-9ee0-4f73-98f4-f04ea0d061c6",
                        "attributes": {
                            "cpus": "4",
                            "id": "3e506acc-9ee0-4f73-98f4-f04ea0d061c6",
                            "image": "./terraform.d/images//CentOS-7.1.1503-x86_64-netboot.box",
                            "memory": "2.0 gib",
                            "name": "Peppy Playground-01",
                            "network_adapter.#": "1",
                            "network_adapter.0.device": "IntelPro1000MTServer",
                            "network_adapter.0.host_interface": "p4p1",
                            "network_adapter.0.ipv4_address": "10.37.224.152",
                            "network_adapter.0.ipv4_address_available": "yes",
                            "network_adapter.0.mac_address": "0800278903C1",
                            "network_adapter.0.status": "up",
                            "network_adapter.0.type": "bridged",
                            "status": "running",
                            "url": "https://github.com/holms/vagrant-centos7-box/releases/download/7.1.1503.001/CentOS-7.1.1503-x86_64-netboot.box"
                        },
                        "meta": {},
                        "tainted": false
                    },
                    "deposed": [],
                    "provider": "provider.virtualbox"
                },
                "virtualbox_vm.node.1": {
                    "type": "virtualbox_vm",
                    "depends_on": [],
                    "primary": {
                        "id": "9f52a626-8d97-4f3e-90e2-1ff9df320a1b",
                        "attributes": {
                            "cpus": "4",
                            "id": "9f52a626-8d97-4f3e-90e2-1ff9df320a1b",
                            "image": "./terraform.d/images//CentOS-7.1.1503-x86_64-netboot.box",
                            "memory": "2.0 gib",
                            "name": "Peppy Playground-02",
                            "network_adapter.#": "1",
                            "network_adapter.0.device": "IntelPro1000MTServer",
                            "network_adapter.0.host_interface": "p4p1",
                            "network_adapter.0.ipv4_address": "10.37.224.218",
                            "network_adapter.0.ipv4_address_available": "yes",
                            "network_adapter.0.mac_address": "080027D2EB3E",
                            "network_adapter.0.status": "up",
                            "network_adapter.0.type": "bridged",
                            "status": "running",
                            "url": "https://github.com/holms/vagrant-centos7-box/releases/download/7.1.1503.001/CentOS-7.1.1503-x86_64-netboot.box"
                        },
                        "meta": {},
                        "tainted": false
                    },
                    "deposed": [],
                    "provider": "provider.virtualbox"
                }
            },
            "depends_on": []
        }
    ]
}
